# This file is autogenerated, do not edit; changes may be undone by the next 'dep ensure'.


[[projects]]
  name = "github.com/Sirupsen/logrus"
  packages = ["."]
  revision = "a3f95b5c423586578a4e099b11a46c2479628cac"
  version = "1.0.2"

[[projects]]
  name = "github.com/containernetworking/cni"
  packages = ["pkg/types","pkg/types/020","pkg/types/current"]
  revision = "137b4975ecab6e1f0c24c1e3c228a50a3cfba75e"
  version = "v0.5.2"

[[projects]]
  branch = "master"
  name = "github.com/orkun1675/netlink"
  packages = ["nl"]
  revision = "091ebc1203753cc12369a4b73e2a02ac684ac9a6"

[[projects]]
  branch = "master"
  name = "github.com/vishvananda/netlink"
  packages = ["."]
  revision = "091ebc1203753cc12369a4b73e2a02ac684ac9a6"
  source = "https://github.com/orkun1675/netlink.git"

[[projects]]
  branch = "master"
  name = "github.com/vishvananda/netns"
  packages = ["."]
  revision = "86bef332bfc3b59b7624a600bd53009ce91a9829"

[[projects]]
  branch = "master"
  name = "golang.org/x/sys"
  packages = ["unix"]
  revision = "d8f5ea21b9295e315e612b4bcf4bedea93454d4d"

[solve-meta]
  analyzer-name = "dep"
  analyzer-version = 1
  inputs-digest = "45579990ca9307467c3ff07e86a8e75bb82e83fe28bbe8de3375ababfdb09045"
  solver-name = "gps-cdcl"
  solver-version = 1
